<?xml version="1.0" encoding="utf-8"?>
<Project ToolsVersion="4.0" xmlns:atg="http://atg.xbox.com" xmlns="http://schemas.microsoft.com/developer/msbuild/2003">
  <ItemGroup>
    <Filter Include="Resource Files">
      <UniqueIdentifier>{8e114980-c1a3-4ada-ad7c-83caadf5daeb}</UniqueIdentifier>
      <Extensions>rc;ico;cur;bmp;dlg;rc2;rct;bin;rgs;gif;jpg;jpeg;jpe</Extensions>
    </Filter>
    <Filter Include="DXUT">
      <UniqueIdentifier>{a43c5c25-0e86-4a20-b64a-883785ff74fd}</UniqueIdentifier>
    </Filter>
    <Filter Include="Shaders">
      <UniqueIdentifier>{2c3d4c8c-5d1a-459a-a05a-a4e4b608a44e}</UniqueIdentifier>
      <Extensions>fx;fxh;hlsl</Extensions>
    </Filter>
    <Filter Include="Include">
      <UniqueIdentifier>{1ab13464-cc74-4d6e-8a1c-be40ec012514}</UniqueIdentifier>
    </Filter>
    <Filter Include="src">
      <UniqueIdentifier>{46d69f1d-e709-42d3-850a-5ca049e224bd}</UniqueIdentifier>
    </Filter>
    <Filter Include="Imgui">
      <UniqueIdentifier>{04d1e51a-2ca2-46b2-906d-ba5a26e783f2}</UniqueIdentifier>
    </Filter>
    <Filter Include="Imgui\Includes">
      <UniqueIdentifier>{418a54e5-833c-4934-8b9e-09438d37cf6b}</UniqueIdentifier>
    </Filter>
    <Filter Include="Imgui\src">
      <UniqueIdentifier>{449febcf-2256-4390-9893-cdd8a22d9ea4}</UniqueIdentifier>
    </Filter>
  </ItemGroup>
  <ItemGroup>
    <ClCompile Include="src\Tutorial07.cpp">
      <Filter>src</Filter>
    </ClCompile>
    <ClCompile Include="src\CTime.cpp">
      <Filter>src</Filter>
    </ClCompile>
    <ClCompile Include="Imgui\imgui-docking-znly-docking\imgui.cpp">
      <Filter>Imgui\src</Filter>
    </ClCompile>
    <ClCompile Include="Imgui\imgui-docking-znly-docking\imgui_demo.cpp">
      <Filter>Imgui\src</Filter>
    </ClCompile>
    <ClCompile Include="Imgui\imgui-docking-znly-docking\imgui_draw.cpp">
      <Filter>Imgui\src</Filter>
    </ClCompile>
    <ClCompile Include="Imgui\imgui-docking-znly-docking\imgui_tables.cpp">
      <Filter>Imgui\src</Filter>
    </ClCompile>
    <ClCompile Include="Imgui\imgui-docking-znly-docking\imgui_widgets.cpp">
      <Filter>Imgui\src</Filter>
    </ClCompile>
    <ClCompile Include="Imgui\imgui-docking-znly-docking\backends\imgui_impl_dx11.cpp">
      <Filter>Imgui\src</Filter>
    </ClCompile>
    <ClCompile Include="Imgui\imgui-docking-znly-docking\backends\imgui_impl_win32.cpp">
      <Filter>Imgui\src</Filter>
    </ClCompile>
    <ClCompile Include="src\UserInterface.cpp">
      <Filter>src</Filter>
    </ClCompile>
    <ClCompile Include="src\Transform.cpp">
      <Filter>src</Filter>
    </ClCompile>
    <ClCompile Include="src\Window.cpp">
      <Filter>src</Filter>
    </ClCompile>
    <ClCompile Include="src\DeviceContext.cpp">
      <Filter>src</Filter>
    </ClCompile>
    <ClCompile Include="src\Device.cpp">
      <Filter>src</Filter>
    </ClCompile>
    <ClCompile Include="src\ModelLoader.cpp">
      <Filter>src</Filter>
    </ClCompile>
    <ClCompile Include="src\DepthStencilView.cpp">
      <Filter>src</Filter>
    </ClCompile>
    <ClCompile Include="src\Texture.cpp">
      <Filter>src</Filter>
    </ClCompile>
    <ClCompile Include="src\InputLayout.cpp">
      <Filter>src</Filter>
    </ClCompile>
    <ClCompile Include="src\RenderTargetView.cpp">
      <Filter>src</Filter>
    </ClCompile>
    <ClCompile Include="src\SwapChain.cpp">
      <Filter>src</Filter>
    </ClCompile>
    <ClCompile Include="src\Viewport.cpp">
      <Filter>src</Filter>
    </ClCompile>
    <ClCompile Include="src\SamplerState.cpp">
      <Filter>src</Filter>
    </ClCompile>
    <ClCompile Include="src\ShaderProgram.cpp">
      <Filter>src</Filter>
    </ClCompile>
    <ClCompile Include="src\VertexBuffer.cpp">
      <Filter>src</Filter>
    </ClCompile>
    <ClCompile Include="src\IndexBuffer.cpp">
      <Filter>src</Filter>
    </ClCompile>
    <ClCompile Include="src\Screenshot.cpp">
      <Filter>src</Filter>
    </ClCompile>
    <ClCompile Include="src\ConstantBuffer.cpp">
      <Filter>src</Filter>
    </ClCompile>
    <ClCompile Include="src\Model.cpp">
      <Filter>src</Filter>
    </ClCompile>
  </ItemGroup>
  <ItemGroup>
    <CLInclude Include="resource.h">
      <Filter>Resource Files</Filter>
    </CLInclude>
    <ResourceCompile Include="Tutorial07.rc">
      <Filter>Resource Files</Filter>
    </ResourceCompile>
    <ClInclude Include="Include\Resource.h">
      <Filter>Include</Filter>
    </ClInclude>
    <ClInclude Include="Include\CTime.h">
      <Filter>Include</Filter>
    </ClInclude>
    <ClInclude Include="Include\Prerequisites.h">
      <Filter>Include</Filter>
    </ClInclude>
    <ClInclude Include="Include\Commons.h">
      <Filter>Include</Filter>
    </ClInclude>
    <ClInclude Include="Imgui\imgui-docking-znly-docking\imconfig.h">
      <Filter>Imgui\Includes</Filter>
    </ClInclude>
    <ClInclude Include="Imgui\imgui-docking-znly-docking\imgui.h">
      <Filter>Imgui\Includes</Filter>
    </ClInclude>
    <ClInclude Include="Imgui\imgui-docking-znly-docking\imgui_internal.h">
      <Filter>Imgui\Includes</Filter>
    </ClInclude>
    <ClInclude Include="Imgui\imgui-docking-znly-docking\imstb_rectpack.h">
      <Filter>Imgui\Includes</Filter>
    </ClInclude>
    <ClInclude Include="Imgui\imgui-docking-znly-docking\imstb_textedit.h">
      <Filter>Imgui\Includes</Filter>
    </ClInclude>
    <ClInclude Include="Imgui\imgui-docking-znly-docking\imstb_truetype.h">
      <Filter>Imgui\Includes</Filter>
    </ClInclude>
    <ClInclude Include="Imgui\imgui-docking-znly-docking\backends\imgui_impl_dx11.h">
      <Filter>Imgui\src</Filter>
    </ClInclude>
    <ClInclude Include="Imgui\imgui-docking-znly-docking\backends\imgui_impl_win32.h">
      <Filter>Imgui\src</Filter>
    </ClInclude>
    <ClInclude Include="Include\UserInterface.h">
      <Filter>Include</Filter>
    </ClInclude>
    <ClInclude Include="Include\Transform.h">
      <Filter>Include</Filter>
    </ClInclude>
    <ClInclude Include="Include\Window.h">
      <Filter>Include</Filter>
    </ClInclude>
    <ClInclude Include="Include\DeviceContext.h">
      <Filter>Include</Filter>
    </ClInclude>
    <ClInclude Include="Include\Device.h">
      <Filter>Include</Filter>
    </ClInclude>
    <ClInclude Include="Include\OBJ_Loader.h">
      <Filter>Include</Filter>
    </ClInclude>
    <ClInclude Include="Include\ModelLoader.h">
      <Filter>Include</Filter>
    </ClInclude>
    <ClInclude Include="Include\DepthStencilView.h">
      <Filter>Include</Filter>
    </ClInclude>
    <ClInclude Include="Include\Texture.h">
      <Filter>Include</Filter>
    </ClInclude>
    <ClInclude Include="Include\InputLayout.h">
      <Filter>Include</Filter>
    </ClInclude>
    <ClInclude Include="Include\RenderTargetView.h">
      <Filter>Include</Filter>
    </ClInclude>
    <ClInclude Include="Include\SwapChain.h">
      <Filter>Include</Filter>
    </ClInclude>
    <ClInclude Include="Include\Viewport.h">
      <Filter>Include</Filter>
    </ClInclude>
    <ClInclude Include="Include\SamplerState.h">
      <Filter>Include</Filter>
    </ClInclude>
    <ClInclude Include="Include\ShaderProgram.h">
      <Filter>Include</Filter>
    </ClInclude>
    <ClInclude Include="Include\VertexBuffer.h">
      <Filter>Include</Filter>
    </ClInclude>
    <ClInclude Include="Include\IndexBuffer.h">
      <Filter>Include</Filter>
    </ClInclude>
    <ClInclude Include="Include\stb_image_write.h">
      <Filter>Include</Filter>
    </ClInclude>
    <ClInclude Include="Include\Screenshot.h">
      <Filter>Include</Filter>
    </ClInclude>
    <ClInclude Include="Include\ConstantBuffer.h">
      <Filter>Include</Filter>
    </ClInclude>
    <ClInclude Include="Include\Model.h">
      <Filter>Include</Filter>
    </ClInclude>
  </ItemGroup>
</Project>